github.com/bombayplayinc/goczmq v0.0.1 h1:C5nIWEn3omEXkyHvLZYxLoY0OXK/1GpO3K+2JNP8fnc=
github.com/bombayplayinc/goczmq v0.0.1/go.mod h1:AEj95WzzfAZcQ+gZH0SbWeQaQyzKEO/z+uzC0Z/faPA=
github.com/tilinna/z85 v1.0.0 h1:uqFnJBlD01dosSeo5sK1G1YGbPuwqVHqR+12OJDRjUw=
github.com/tilinna/z85 v1.0.0/go.mod h1:EfpFU/DUY4ddEy6CRvk2l+UQNEzHbh+bqBQS+04Nkxs=
